
Microsoft Visual Studio Solution File, Format Version 12.00
# Visual Studio Version 16
VisualStudioVersion = 16.0.32901.82
MinimumVisualStudioVersion = 10.0.40219.1
Project("{FAE04EC0-301F-11D3-BF4B-00C04F79EFBC}") = "Uyg12", "Uyg12\Uyg12.csproj", "{FE573B62-273E-44EA-BFD4-BFC294B12AFA}"
EndProject
Project("{FAE04EC0-301F-11D3-BF4B-00C04F79EFBC}") = "Uyg13", "Uyg13\Uyg13.csproj", "{5DC8C0EF-5251-47E5-94BA-8B61F854BD4F}"
EndProject
Project("{FAE04EC0-301F-11D3-BF4B-00C04F79EFBC}") = "GoldSoru1", "GoldSoru1\GoldSoru1.csproj", "{EA7C041C-BDD7-4D90-9A9C-64F312A3A47C}"
EndProject
Project("{FAE04EC0-301F-11D3-BF4B-00C04F79EFBC}") = "SS1", "SS1\SS1.csproj", "{3DC94593-EC95-4610-80E3-66D53880026D}"
EndProject
Project("{FAE04EC0-301F-11D3-BF4B-00C04F79EFBC}") = "SS2", "SS2\SS2.csproj", "{1FBAA273-880C-4EBE-BB68-94431B2F4678}"
EndProject
Project("{FAE04EC0-301F-11D3-BF4B-00C04F79EFBC}") = "Uyg14", "Uyg14\Uyg14.csproj", "{9765BC70-7161-4B16-BE71-B6A59FDA0532}"
EndProject
Project("{FAE04EC0-301F-11D3-BF4B-00C04F79EFBC}") = "Uyg15", "Uyg15\Uyg15.csproj", "{0968325F-2332-452B-8D70-36A1B3072D72}"
EndProject
Project("{FAE04EC0-301F-11D3-BF4B-00C04F79EFBC}") = "goldsoru3", "goldsoru3\goldsoru3.csproj", "{5DBE15E4-DCEB-4E2E-9C1B-FDC3D6694656}"
EndProject
Project("{FAE04EC0-301F-11D3-BF4B-00C04F79EFBC}") = "Uyg16", "Uyg16\Uyg16.csproj", "{C22647BB-D838-4D2F-961B-8B26434303FB}"
EndProject
Global
	GlobalSection(SolutionConfigurationPlatforms) = preSolution
		Debug|Any CPU = Debug|Any CPU
		Release|Any CPU = Release|Any CPU
	EndGlobalSection
	GlobalSection(ProjectConfigurationPlatforms) = postSolution
		{FE573B62-273E-44EA-BFD4-BFC294B12AFA}.Debug|Any CPU.ActiveCfg = Debug|Any CPU
		{FE573B62-273E-44EA-BFD4-BFC294B12AFA}.Debug|Any CPU.Build.0 = Debug|Any CPU
		{FE573B62-273E-44EA-BFD4-BFC294B12AFA}.Release|Any CPU.ActiveCfg = Release|Any CPU
		{FE573B62-273E-44EA-BFD4-BFC294B12AFA}.Release|Any CPU.Build.0 = Release|Any CPU
		{5DC8C0EF-5251-47E5-94BA-8B61F854BD4F}.Debug|Any CPU.ActiveCfg = Debug|Any CPU
		{5DC8C0EF-5251-47E5-94BA-8B61F854BD4F}.Debug|Any CPU.Build.0 = Debug|Any CPU
		{5DC8C0EF-5251-47E5-94BA-8B61F854BD4F}.Release|Any CPU.ActiveCfg = Release|Any CPU
		{5DC8C0EF-5251-47E5-94BA-8B61F854BD4F}.Release|Any CPU.Build.0 = Release|Any CPU
		{EA7C041C-BDD7-4D90-9A9C-64F312A3A47C}.Debug|Any CPU.ActiveCfg = Debug|Any CPU
		{EA7C041C-BDD7-4D90-9A9C-64F312A3A47C}.Debug|Any CPU.Build.0 = Debug|Any CPU
		{EA7C041C-BDD7-4D90-9A9C-64F312A3A47C}.Release|Any CPU.ActiveCfg = Release|Any CPU
		{EA7C041C-BDD7-4D90-9A9C-64F312A3A47C}.Release|Any CPU.Build.0 = Release|Any CPU
		{3DC94593-EC95-4610-80E3-66D53880026D}.Debug|Any CPU.ActiveCfg = Debug|Any CPU
		{3DC94593-EC95-4610-80E3-66D53880026D}.Debug|Any CPU.Build.0 = Debug|Any CPU
		{3DC94593-EC95-4610-80E3-66D53880026D}.Release|Any CPU.ActiveCfg = Release|Any CPU
		{3DC94593-EC95-4610-80E3-66D53880026D}.Release|Any CPU.Build.0 = Release|Any CPU
		{1FBAA273-880C-4EBE-BB68-94431B2F4678}.Debug|Any CPU.ActiveCfg = Debug|Any CPU
		{1FBAA273-880C-4EBE-BB68-94431B2F4678}.Debug|Any CPU.Build.0 = Debug|Any CPU
		{1FBAA273-880C-4EBE-BB68-94431B2F4678}.Release|Any CPU.ActiveCfg = Release|Any CPU
		{1FBAA273-880C-4EBE-BB68-94431B2F4678}.Release|Any CPU.Build.0 = Release|Any CPU
		{9765BC70-7161-4B16-BE71-B6A59FDA0532}.Debug|Any CPU.ActiveCfg = Debug|Any CPU
		{9765BC70-7161-4B16-BE71-B6A59FDA0532}.Debug|Any CPU.Build.0 = Debug|Any CPU
		{9765BC70-7161-4B16-BE71-B6A59FDA0532}.Release|Any CPU.ActiveCfg = Release|Any CPU
		{9765BC70-7161-4B16-BE71-B6A59FDA0532}.Release|Any CPU.Build.0 = Release|Any CPU
		{0968325F-2332-452B-8D70-36A1B3072D72}.Debug|Any CPU.ActiveCfg = Debug|Any CPU
		{0968325F-2332-452B-8D70-36A1B3072D72}.Debug|Any CPU.Build.0 = Debug|Any CPU
		{0968325F-2332-452B-8D70-36A1B3072D72}.Release|Any CPU.ActiveCfg = Release|Any CPU
		{0968325F-2332-452B-8D70-36A1B3072D72}.Release|Any CPU.Build.0 = Release|Any CPU
		{5DBE15E4-DCEB-4E2E-9C1B-FDC3D6694656}.Debug|Any CPU.ActiveCfg = Debug|Any CPU
		{5DBE15E4-DCEB-4E2E-9C1B-FDC3D6694656}.Debug|Any CPU.Build.0 = Debug|Any CPU
		{5DBE15E4-DCEB-4E2E-9C1B-FDC3D6694656}.Release|Any CPU.ActiveCfg = Release|Any CPU
		{5DBE15E4-DCEB-4E2E-9C1B-FDC3D6694656}.Release|Any CPU.Build.0 = Release|Any CPU
		{C22647BB-D838-4D2F-961B-8B26434303FB}.Debug|Any CPU.ActiveCfg = Debug|Any CPU
		{C22647BB-D838-4D2F-961B-8B26434303FB}.Debug|Any CPU.Build.0 = Debug|Any CPU
		{C22647BB-D838-4D2F-961B-8B26434303FB}.Release|Any CPU.ActiveCfg = Release|Any CPU
		{C22647BB-D838-4D2F-961B-8B26434303FB}.Release|Any CPU.Build.0 = Release|Any CPU
	EndGlobalSection
	GlobalSection(SolutionProperties) = preSolution
		HideSolutionNode = FALSE
	EndGlobalSection
	GlobalSection(ExtensibilityGlobals) = postSolution
		SolutionGuid = {7EDBA141-81CB-48A6-9F95-8B5DED1FC991}
	EndGlobalSection
EndGlobal
